{
  "version": 4,
  "terraform_version": "0.15.3",
  "serial": 3,
  "lineage": "c5545054-349c-de6e-8495-d57cd986b191",
  "outputs": {},
  "resources": [
    {
      "mode": "managed",
      "type": "aws_key_pair",
      "name": "pluralsightkey",
      "provider": "provider[\"registry.terraform.io/hashicorp/aws\"]",
      "instances": [
        {
          "schema_version": 1,
          "attributes": {
            "arn": "arn:aws:ec2:us-east-1:773364929699:key-pair/PluralsightKeys",
            "fingerprint": "04:ba:02:10:6d:cb:0e:2b:cd:0c:82:ca:82:4b:d4:bf",
            "id": "PluralsightKeys",
            "key_name": "PluralsightKeys",
            "key_name_prefix": "",
            "key_pair_id": "key-056d4e1878c2af9ee",
            "public_key": "ssh-rsa AAAAB3NzaC1yc2EAAAADAQABAAABAQDYxGfwbyJSvRufwl5Tcp39cCbQtNMJs3QoHwwvH1eB7M9KP5dGAD+LTTI/eU/Pj+L+2UZ6+LxRFOsOl+jGRXHqcSqctR02wmIf+lsIVzkVkDpqAzAteKpIXvGxIsa5//8OplYqA8WiXTvTTDXI7xW9gRmt7dCb9jgwvpZJDH45UaL6Pg+/PRCC8yA8dVukscSV9B0X6nU1wujtGlAwUR7hpYKaqFwQ0oASGYkYhPOmxy8cKaJodYWlYJ2XGNOSnFSezlYUbLYSYz0UMuYE7RAME2e7dhV3t/WN7fQxasokNGwb90CB7A80qyFFeedcB/jt+IobmE6Gha33OtS0Qq8N",
            "tags": null,
            "tags_all": {}
          },
          "sensitive_attributes": [],
          "private": "eyJzY2hlbWFfdmVyc2lvbiI6IjEifQ=="
        }
      ]
    },
    {
      "mode": "managed",
      "type": "random_integer",
      "name": "rand",
      "provider": "provider[\"registry.terraform.io/hashicorp/random\"]",
      "instances": [
        {
          "schema_version": 0,
          "attributes": {
            "id": "13044",
            "keepers": null,
            "max": 99999,
            "min": 10000,
            "result": 13044,
            "seed": null
          },
          "sensitive_attributes": [],
          "private": "bnVsbA=="
        }
      ]
    }
  ]
}
