{
  "version": 4,
  "terraform_version": "0.15.3",
  "serial": 1,
  "lineage": "c5545054-349c-de6e-8495-d57cd986b191",
  "outputs": {},
  "resources": [
    {
      "mode": "managed",
      "type": "random_integer",
      "name": "rand",
      "provider": "provider[\"registry.terraform.io/hashicorp/random\"]",
      "instances": [
        {
          "schema_version": 0,
          "attributes": {
            "id": "13044",
            "keepers": null,
            "max": 99999,
            "min": 10000,
            "result": 13044,
            "seed": null
          },
          "sensitive_attributes": [],
          "private": "bnVsbA=="
        }
      ]
    }
  ]
}
